
Microsoft Visual Studio Solution File, Format Version 12.00
# Visual Studio Version 17
VisualStudioVersion = 17.4.33103.184
MinimumVisualStudioVersion = 10.0.40219.1
Project("{FAE04EC0-301F-11D3-BF4B-00C04F79EFBC}") = "InformacioniBackand", "InformacioniBackand\InformacioniBackand.csproj", "{083D7014-1039-42A0-9F3E-C14EA2217FFD}"
EndProject
Global
	GlobalSection(SolutionConfigurationPlatforms) = preSolution
		Debug|Any CPU = Debug|Any CPU
		Release|Any CPU = Release|Any CPU
	EndGlobalSection
	GlobalSection(ProjectConfigurationPlatforms) = postSolution
		{083D7014-1039-42A0-9F3E-C14EA2217FFD}.Debug|Any CPU.ActiveCfg = Debug|Any CPU
		{083D7014-1039-42A0-9F3E-C14EA2217FFD}.Debug|Any CPU.Build.0 = Debug|Any CPU
		{083D7014-1039-42A0-9F3E-C14EA2217FFD}.Release|Any CPU.ActiveCfg = Release|Any CPU
		{083D7014-1039-42A0-9F3E-C14EA2217FFD}.Release|Any CPU.Build.0 = Release|Any CPU
	EndGlobalSection
	GlobalSection(SolutionProperties) = preSolution
		HideSolutionNode = FALSE
	EndGlobalSection
	GlobalSection(ExtensibilityGlobals) = postSolution
		SolutionGuid = {5D3971EE-3AEB-470E-B40C-039B8008DB80}
	EndGlobalSection
EndGlobal
